
Microsoft Visual Studio Solution File, Format Version 12.00
# Visual Studio Version 16
VisualStudioVersion = 16.0.30309.148
MinimumVisualStudioVersion = 10.0.40219.1
Project("{8BC9CEB8-8B4A-11D0-8D11-00A0C91BC942}") = "AmongUs", "AmongUs\AmongUs.vcxproj", "{04AF0B4B-5A17-4BBD-BA77-A5B11DFCE84F}"
EndProject
Global
	GlobalSection(SolutionConfigurationPlatforms) = preSolution
		Debug|x64 = Debug|x64
		Debug|x86 = Debug|x86
		Release|x64 = Release|x64
		Release|x86 = Release|x86
	EndGlobalSection
	GlobalSection(ProjectConfigurationPlatforms) = postSolution
		{04AF0B4B-5A17-4BBD-BA77-A5B11DFCE84F}.Debug|x64.ActiveCfg = Debug|x64
		{04AF0B4B-5A17-4BBD-BA77-A5B11DFCE84F}.Debug|x64.Build.0 = Debug|x64
		{04AF0B4B-5A17-4BBD-BA77-A5B11DFCE84F}.Debug|x86.ActiveCfg = Debug|Win32
		{04AF0B4B-5A17-4BBD-BA77-A5B11DFCE84F}.Debug|x86.Build.0 = Debug|Win32
		{04AF0B4B-5A17-4BBD-BA77-A5B11DFCE84F}.Release|x64.ActiveCfg = Release|x64
		{04AF0B4B-5A17-4BBD-BA77-A5B11DFCE84F}.Release|x64.Build.0 = Release|x64
		{04AF0B4B-5A17-4BBD-BA77-A5B11DFCE84F}.Release|x86.ActiveCfg = Release|Win32
		{04AF0B4B-5A17-4BBD-BA77-A5B11DFCE84F}.Release|x86.Build.0 = Release|Win32
	EndGlobalSection
	GlobalSection(SolutionProperties) = preSolution
		HideSolutionNode = FALSE
	EndGlobalSection
	GlobalSection(ExtensibilityGlobals) = postSolution
		SolutionGuid = {9AA727E4-1CC4-44E4-A0D1-4612AC054948}
	EndGlobalSection
EndGlobal
